{
  "version": 4,
  "terraform_version": "0.15.0",
  "serial": 27,
  "lineage": "71fcd8a8-9075-5b45-6e6f-2c7a72f907c7",
  "outputs": {},
  "resources": [
    {
      "module": "module.codebuild_module",
      "mode": "managed",
      "type": "aws_codedeploy_app",
      "name": "example",
      "provider": "provider[\"registry.terraform.io/hashicorp/aws\"]",
      "instances": [
        {
          "schema_version": 0,
          "attributes": {
            "application_id": "55a06577-dae4-4970-aeef-5d664fbbcc2b",
            "arn": "arn:aws:codedeploy:us-east-1:953714778736:application:example",
            "compute_platform": "Server",
            "github_account_name": "",
            "id": "55a06577-dae4-4970-aeef-5d664fbbcc2b:example",
            "linked_to_github": false,
            "name": "example",
            "tags": null,
            "tags_all": {}
          },
          "sensitive_attributes": [],
          "private": "bnVsbA=="
        }
      ]
    }
  ]
}
